
Microsoft Visual Studio Solution File, Format Version 12.00
# Visual Studio Version 17
VisualStudioVersion = 17.14.36623.8
MinimumVisualStudioVersion = 10.0.40219.1
Project("{FAE04EC0-301F-11D3-BF4B-00C04F79EFBC}") = "MarkdownViewer.App", "MarkdownViewer\MarkdownViewer.App.csproj", "{4E07F2CE-F7C4-481B-AF9E-B75F53A89997}"
EndProject
Project("{FAE04EC0-301F-11D3-BF4B-00C04F79EFBC}") = "MarkdownViewer.Mcp", "MarkdownViewer.Mcp\MarkdownViewer.Mcp.csproj", "{C25E1B27-387C-4D56-B84E-E511F1586190}"
EndProject
Global
	GlobalSection(SolutionConfigurationPlatforms) = preSolution
		Debug|Any CPU = Debug|Any CPU
		Debug|x64 = Debug|x64
		Debug|x86 = Debug|x86
		Release|Any CPU = Release|Any CPU
		Release|x64 = Release|x64
		Release|x86 = Release|x86
	EndGlobalSection
	GlobalSection(ProjectConfigurationPlatforms) = postSolution
		{4E07F2CE-F7C4-481B-AF9E-B75F53A89997}.Debug|Any CPU.ActiveCfg = Debug|Any CPU
		{4E07F2CE-F7C4-481B-AF9E-B75F53A89997}.Debug|Any CPU.Build.0 = Debug|Any CPU
		{4E07F2CE-F7C4-481B-AF9E-B75F53A89997}.Debug|x64.ActiveCfg = Debug|Any CPU
		{4E07F2CE-F7C4-481B-AF9E-B75F53A89997}.Debug|x64.Build.0 = Debug|Any CPU
		{4E07F2CE-F7C4-481B-AF9E-B75F53A89997}.Debug|x86.ActiveCfg = Debug|Any CPU
		{4E07F2CE-F7C4-481B-AF9E-B75F53A89997}.Debug|x86.Build.0 = Debug|Any CPU
		{4E07F2CE-F7C4-481B-AF9E-B75F53A89997}.Release|Any CPU.ActiveCfg = Release|Any CPU
		{4E07F2CE-F7C4-481B-AF9E-B75F53A89997}.Release|Any CPU.Build.0 = Release|Any CPU
		{4E07F2CE-F7C4-481B-AF9E-B75F53A89997}.Release|x64.ActiveCfg = Release|Any CPU
		{4E07F2CE-F7C4-481B-AF9E-B75F53A89997}.Release|x64.Build.0 = Release|Any CPU
		{4E07F2CE-F7C4-481B-AF9E-B75F53A89997}.Release|x86.ActiveCfg = Release|Any CPU
		{4E07F2CE-F7C4-481B-AF9E-B75F53A89997}.Release|x86.Build.0 = Release|Any CPU
		{C25E1B27-387C-4D56-B84E-E511F1586190}.Debug|Any CPU.ActiveCfg = Debug|Any CPU
		{C25E1B27-387C-4D56-B84E-E511F1586190}.Debug|Any CPU.Build.0 = Debug|Any CPU
		{C25E1B27-387C-4D56-B84E-E511F1586190}.Debug|x64.ActiveCfg = Debug|Any CPU
		{C25E1B27-387C-4D56-B84E-E511F1586190}.Debug|x64.Build.0 = Debug|Any CPU
		{C25E1B27-387C-4D56-B84E-E511F1586190}.Debug|x86.ActiveCfg = Debug|Any CPU
		{C25E1B27-387C-4D56-B84E-E511F1586190}.Debug|x86.Build.0 = Debug|Any CPU
		{C25E1B27-387C-4D56-B84E-E511F1586190}.Release|Any CPU.ActiveCfg = Release|Any CPU
		{C25E1B27-387C-4D56-B84E-E511F1586190}.Release|Any CPU.Build.0 = Release|Any CPU
		{C25E1B27-387C-4D56-B84E-E511F1586190}.Release|x64.ActiveCfg = Release|Any CPU
		{C25E1B27-387C-4D56-B84E-E511F1586190}.Release|x64.Build.0 = Release|Any CPU
		{C25E1B27-387C-4D56-B84E-E511F1586190}.Release|x86.ActiveCfg = Release|Any CPU
		{C25E1B27-387C-4D56-B84E-E511F1586190}.Release|x86.Build.0 = Release|Any CPU
	EndGlobalSection
	GlobalSection(SolutionProperties) = preSolution
		HideSolutionNode = FALSE
	EndGlobalSection
	GlobalSection(ExtensibilityGlobals) = postSolution
		SolutionGuid = {06227A1B-B316-4B55-A0E6-56D23C534E38}
	EndGlobalSection
EndGlobal
